
Microsoft Visual Studio Solution File, Format Version 12.00
# Visual Studio Version 17
VisualStudioVersion = 17.12.35707.178 d17.12
MinimumVisualStudioVersion = 10.0.40219.1
Project("{FAE04EC0-301F-11D3-BF4B-00C04F79EFBC}") = "Cars", "Cars\Cars.csproj", "{07D5EF4C-D92D-49B6-92BD-40272149850D}"
EndProject
Project("{FAE04EC0-301F-11D3-BF4B-00C04F79EFBC}") = "Services", "Services\Services.csproj", "{D750A738-2BE5-4BE6-B84A-4A60710D9619}"
EndProject
Project("{FAE04EC0-301F-11D3-BF4B-00C04F79EFBC}") = "Models", "Models\Models.csproj", "{A6170261-B49D-46D1-AE27-F538B58DA852}"
EndProject
Global
	GlobalSection(SolutionConfigurationPlatforms) = preSolution
		Debug|Any CPU = Debug|Any CPU
		Release|Any CPU = Release|Any CPU
	EndGlobalSection
	GlobalSection(ProjectConfigurationPlatforms) = postSolution
		{07D5EF4C-D92D-49B6-92BD-40272149850D}.Debug|Any CPU.ActiveCfg = Debug|Any CPU
		{07D5EF4C-D92D-49B6-92BD-40272149850D}.Debug|Any CPU.Build.0 = Debug|Any CPU
		{07D5EF4C-D92D-49B6-92BD-40272149850D}.Release|Any CPU.ActiveCfg = Release|Any CPU
		{07D5EF4C-D92D-49B6-92BD-40272149850D}.Release|Any CPU.Build.0 = Release|Any CPU
		{D750A738-2BE5-4BE6-B84A-4A60710D9619}.Debug|Any CPU.ActiveCfg = Debug|Any CPU
		{D750A738-2BE5-4BE6-B84A-4A60710D9619}.Debug|Any CPU.Build.0 = Debug|Any CPU
		{D750A738-2BE5-4BE6-B84A-4A60710D9619}.Release|Any CPU.ActiveCfg = Release|Any CPU
		{D750A738-2BE5-4BE6-B84A-4A60710D9619}.Release|Any CPU.Build.0 = Release|Any CPU
		{A6170261-B49D-46D1-AE27-F538B58DA852}.Debug|Any CPU.ActiveCfg = Debug|Any CPU
		{A6170261-B49D-46D1-AE27-F538B58DA852}.Debug|Any CPU.Build.0 = Debug|Any CPU
		{A6170261-B49D-46D1-AE27-F538B58DA852}.Release|Any CPU.ActiveCfg = Release|Any CPU
		{A6170261-B49D-46D1-AE27-F538B58DA852}.Release|Any CPU.Build.0 = Release|Any CPU
	EndGlobalSection
	GlobalSection(SolutionProperties) = preSolution
		HideSolutionNode = FALSE
	EndGlobalSection
EndGlobal
